
Microsoft Visual Studio Solution File, Format Version 12.00
# Visual Studio Version 17
VisualStudioVersion = 17.13.35913.81 d17.13
MinimumVisualStudioVersion = 10.0.40219.1
Project("{E24C65DC-7377-472B-9ABA-BC803B73C61A}") = "KannuWebsite", "KannuWebsite\", "{0A922E8B-55FC-F4F6-80E1-5B3C9BA437E1}"
	ProjectSection(WebsiteProperties) = preProject
		TargetFrameworkMoniker = ".NETFramework,Version%3Dv4.7.2"
		Debug.AspNetCompiler.VirtualPath = "/localhost_50408"
		Debug.AspNetCompiler.PhysicalPath = "KannuWebsite\"
		Debug.AspNetCompiler.TargetPath = "PrecompiledWeb\localhost_50408\"
		Debug.AspNetCompiler.Updateable = "true"
		Debug.AspNetCompiler.ForceOverwrite = "true"
		Debug.AspNetCompiler.FixedNames = "false"
		Debug.AspNetCompiler.Debug = "True"
		Release.AspNetCompiler.VirtualPath = "/localhost_50408"
		Release.AspNetCompiler.PhysicalPath = "KannuWebsite\"
		Release.AspNetCompiler.TargetPath = "PrecompiledWeb\localhost_50408\"
		Release.AspNetCompiler.Updateable = "true"
		Release.AspNetCompiler.ForceOverwrite = "true"
		Release.AspNetCompiler.FixedNames = "false"
		Release.AspNetCompiler.Debug = "False"
		VWDPort = "50408"
		DefaultWebSiteLanguage = "Visual C#"
	EndProjectSection
EndProject
Global
	GlobalSection(SolutionConfigurationPlatforms) = preSolution
		Debug|Any CPU = Debug|Any CPU
	EndGlobalSection
	GlobalSection(ProjectConfigurationPlatforms) = postSolution
		{0A922E8B-55FC-F4F6-80E1-5B3C9BA437E1}.Debug|Any CPU.ActiveCfg = Debug|Any CPU
		{0A922E8B-55FC-F4F6-80E1-5B3C9BA437E1}.Debug|Any CPU.Build.0 = Debug|Any CPU
	EndGlobalSection
	GlobalSection(SolutionProperties) = preSolution
		HideSolutionNode = FALSE
	EndGlobalSection
	GlobalSection(ExtensibilityGlobals) = postSolution
		SolutionGuid = {3CB70842-4A8C-4747-8FCA-414291FCCC40}
	EndGlobalSection
EndGlobal
